{
  "name": "consumer-ts2.0",
  "version": "1.0.0",
  "lockfileVersion": 1,
  "requires": true,
  "dependencies": {
    "library-ts3.5": {
      "version": "file:../library-ts3.5"
    },
    "typescript": {
      "version": "2.0.10",
      "resolved": "https://registry.npmjs.org/typescript/-/typescript-2.0.10.tgz",
      "integrity": "sha1-zN1O2G/VVQpAcQGggUAS4bP6w90=",
      "dev": true
    }
  }
}
